{
  "name": "firedock",
  "version": "1.0.0",
  "lockfileVersion": 1,
  "requires": true,
  "dependencies": {
    "mitsuketa": {
      "version": "1.4.3",
      "resolved": "https://registry.npmjs.org/mitsuketa/-/mitsuketa-1.4.3.tgz",
      "integrity": "sha512-uqKOUiZfO0SzkLARWUSs5X2sP6gPizxqAs/d3gJIEOZPfPBR8IJF9PBegTbYIoVDMINkPNlEnc/izqkimJX30g=="
    }
  }
}
